
Microsoft Visual Studio Solution File, Format Version 12.00
# Visual Studio 15
VisualStudioVersion = 15.0.27004.2008
MinimumVisualStudioVersion = 10.0.40219.1
Project("{FAE04EC0-301F-11D3-BF4B-00C04F79EFBC}") = "LateboundConstantGenerator", "LateboundConstantGenerator.csproj", "{78225251-A3A4-471F-9066-00D7EB90F3FA}"
EndProject
Project("{FAE04EC0-301F-11D3-BF4B-00C04F79EFBC}") = "LateboundConstantGeneratorTests", "..\LateboundConstantGeneratorTests\LateboundConstantGeneratorTests.csproj", "{4F684FFE-CF62-4719-B076-DA9961FAC997}"
EndProject
Global
	GlobalSection(SolutionConfigurationPlatforms) = preSolution
		Debug|Any CPU = Debug|Any CPU
		Release|Any CPU = Release|Any CPU
		Test|Any CPU = Test|Any CPU
	EndGlobalSection
	GlobalSection(ProjectConfigurationPlatforms) = postSolution
		{78225251-A3A4-471F-9066-00D7EB90F3FA}.Debug|Any CPU.ActiveCfg = Debug|Any CPU
		{78225251-A3A4-471F-9066-00D7EB90F3FA}.Debug|Any CPU.Build.0 = Debug|Any CPU
		{78225251-A3A4-471F-9066-00D7EB90F3FA}.Release|Any CPU.ActiveCfg = Release|Any CPU
		{78225251-A3A4-471F-9066-00D7EB90F3FA}.Release|Any CPU.Build.0 = Release|Any CPU
		{78225251-A3A4-471F-9066-00D7EB90F3FA}.Test|Any CPU.ActiveCfg = Test|Any CPU
		{78225251-A3A4-471F-9066-00D7EB90F3FA}.Test|Any CPU.Build.0 = Test|Any CPU
		{4F684FFE-CF62-4719-B076-DA9961FAC997}.Debug|Any CPU.ActiveCfg = Debug|Any CPU
		{4F684FFE-CF62-4719-B076-DA9961FAC997}.Debug|Any CPU.Build.0 = Debug|Any CPU
		{4F684FFE-CF62-4719-B076-DA9961FAC997}.Release|Any CPU.ActiveCfg = Release|Any CPU
		{4F684FFE-CF62-4719-B076-DA9961FAC997}.Release|Any CPU.Build.0 = Release|Any CPU
		{4F684FFE-CF62-4719-B076-DA9961FAC997}.Test|Any CPU.ActiveCfg = Test|Any CPU
		{4F684FFE-CF62-4719-B076-DA9961FAC997}.Test|Any CPU.Build.0 = Test|Any CPU
	EndGlobalSection
	GlobalSection(SolutionProperties) = preSolution
		HideSolutionNode = FALSE
	EndGlobalSection
	GlobalSection(ExtensibilityGlobals) = postSolution
		SolutionGuid = {2E074392-EFCB-46F1-BFCB-22A7AE52E6C9}
	EndGlobalSection
EndGlobal
