
Microsoft Visual Studio Solution File, Format Version 12.00
# Visual Studio Version 16
VisualStudioVersion = 16.0.29521.150
MinimumVisualStudioVersion = 10.0.40219.1
Project("{FAE04EC0-301F-11D3-BF4B-00C04F79EFBC}") = "LCG-UDG-Common", "LCG-UDG\LCG-UDG-Common.csproj", "{78225251-A3A4-471F-9066-00D7EB90F3FA}"
EndProject
Project("{FAE04EC0-301F-11D3-BF4B-00C04F79EFBC}") = "LCGTests", "LCGTests\LCGTests.csproj", "{4F684FFE-CF62-4719-B076-DA9961FAC997}"
EndProject
Project("{FAE04EC0-301F-11D3-BF4B-00C04F79EFBC}") = "LCGCmd", "LCGCmd\LCGCmd.csproj", "{E97AB142-2D93-467C-80B2-58140AC25B79}"
EndProject
Project("{FAE04EC0-301F-11D3-BF4B-00C04F79EFBC}") = "UDG", "UDG\UDG.csproj", "{2257E924-19EF-496D-8F03-7E07A82C20C3}"
EndProject
Project("{FAE04EC0-301F-11D3-BF4B-00C04F79EFBC}") = "LCG", "LCG\LCG.csproj", "{9F7A2F95-25F0-405F-9013-CA21A3EC1146}"
EndProject
Global
	GlobalSection(SolutionConfigurationPlatforms) = preSolution
		Debug|Any CPU = Debug|Any CPU
		Release|Any CPU = Release|Any CPU
	EndGlobalSection
	GlobalSection(ProjectConfigurationPlatforms) = postSolution
		{78225251-A3A4-471F-9066-00D7EB90F3FA}.Debug|Any CPU.ActiveCfg = Debug|Any CPU
		{78225251-A3A4-471F-9066-00D7EB90F3FA}.Debug|Any CPU.Build.0 = Debug|Any CPU
		{78225251-A3A4-471F-9066-00D7EB90F3FA}.Release|Any CPU.ActiveCfg = Release|Any CPU
		{78225251-A3A4-471F-9066-00D7EB90F3FA}.Release|Any CPU.Build.0 = Release|Any CPU
		{4F684FFE-CF62-4719-B076-DA9961FAC997}.Debug|Any CPU.ActiveCfg = Debug|Any CPU
		{4F684FFE-CF62-4719-B076-DA9961FAC997}.Debug|Any CPU.Build.0 = Debug|Any CPU
		{4F684FFE-CF62-4719-B076-DA9961FAC997}.Release|Any CPU.ActiveCfg = Release|Any CPU
		{4F684FFE-CF62-4719-B076-DA9961FAC997}.Release|Any CPU.Build.0 = Release|Any CPU
		{E97AB142-2D93-467C-80B2-58140AC25B79}.Debug|Any CPU.ActiveCfg = Debug|Any CPU
		{E97AB142-2D93-467C-80B2-58140AC25B79}.Debug|Any CPU.Build.0 = Debug|Any CPU
		{E97AB142-2D93-467C-80B2-58140AC25B79}.Release|Any CPU.ActiveCfg = Release|Any CPU
		{E97AB142-2D93-467C-80B2-58140AC25B79}.Release|Any CPU.Build.0 = Release|Any CPU
		{2257E924-19EF-496D-8F03-7E07A82C20C3}.Debug|Any CPU.ActiveCfg = Debug|Any CPU
		{2257E924-19EF-496D-8F03-7E07A82C20C3}.Debug|Any CPU.Build.0 = Debug|Any CPU
		{2257E924-19EF-496D-8F03-7E07A82C20C3}.Release|Any CPU.ActiveCfg = Release|Any CPU
		{2257E924-19EF-496D-8F03-7E07A82C20C3}.Release|Any CPU.Build.0 = Release|Any CPU
		{9F7A2F95-25F0-405F-9013-CA21A3EC1146}.Debug|Any CPU.ActiveCfg = Debug|Any CPU
		{9F7A2F95-25F0-405F-9013-CA21A3EC1146}.Debug|Any CPU.Build.0 = Debug|Any CPU
		{9F7A2F95-25F0-405F-9013-CA21A3EC1146}.Release|Any CPU.ActiveCfg = Release|Any CPU
		{9F7A2F95-25F0-405F-9013-CA21A3EC1146}.Release|Any CPU.Build.0 = Release|Any CPU
	EndGlobalSection
	GlobalSection(SolutionProperties) = preSolution
		HideSolutionNode = FALSE
	EndGlobalSection
	GlobalSection(ExtensibilityGlobals) = postSolution
		SolutionGuid = {2E074392-EFCB-46F1-BFCB-22A7AE52E6C9}
	EndGlobalSection
EndGlobal
